
Microsoft Visual Studio Solution File, Format Version 12.00
# Visual Studio Version 17
VisualStudioVersion = 17.10.35027.167
MinimumVisualStudioVersion = 10.0.40219.1
Project("{FAE04EC0-301F-11D3-BF4B-00C04F79EFBC}") = "LearnCSharp", "LearnCSharp.csproj", "{F97CE960-B10F-4EBA-8024-82CED4528C02}"
EndProject
Global
	GlobalSection(SolutionConfigurationPlatforms) = preSolution
		Debug|x86 = Debug|x86
		Release|x86 = Release|x86
	EndGlobalSection
	GlobalSection(ProjectConfigurationPlatforms) = postSolution
		{F97CE960-B10F-4EBA-8024-82CED4528C02}.Debug|x86.ActiveCfg = Debug|Any CPU
		{F97CE960-B10F-4EBA-8024-82CED4528C02}.Debug|x86.Build.0 = Debug|Any CPU
		{F97CE960-B10F-4EBA-8024-82CED4528C02}.Release|x86.ActiveCfg = Release|x86
		{F97CE960-B10F-4EBA-8024-82CED4528C02}.Release|x86.Build.0 = Release|x86
	EndGlobalSection
	GlobalSection(SolutionProperties) = preSolution
		HideSolutionNode = FALSE
	EndGlobalSection
	GlobalSection(ExtensibilityGlobals) = postSolution
		SolutionGuid = {297ABCB3-F15F-4C13-8AC3-EB2060238BA4}
	EndGlobalSection
EndGlobal
